
Microsoft Visual Studio Solution File, Format Version 12.00
# Visual Studio Version 17
VisualStudioVersion = 17.7.34018.315
MinimumVisualStudioVersion = 10.0.40219.1
Project("{FAE04EC0-301F-11D3-BF4B-00C04F79EFBC}") = "VoronoiDiagram", "VoronoiDiagram.csproj", "{3CFAF430-0907-42BB-9B24-2A13AF40F64A}"
EndProject
Global
	GlobalSection(SolutionConfigurationPlatforms) = preSolution
		Debug|Any CPU = Debug|Any CPU
		Release|Any CPU = Release|Any CPU
	EndGlobalSection
	GlobalSection(ProjectConfigurationPlatforms) = postSolution
		{3CFAF430-0907-42BB-9B24-2A13AF40F64A}.Debug|Any CPU.ActiveCfg = Debug|Any CPU
		{3CFAF430-0907-42BB-9B24-2A13AF40F64A}.Debug|Any CPU.Build.0 = Debug|Any CPU
		{3CFAF430-0907-42BB-9B24-2A13AF40F64A}.Release|Any CPU.ActiveCfg = Release|Any CPU
		{3CFAF430-0907-42BB-9B24-2A13AF40F64A}.Release|Any CPU.Build.0 = Release|Any CPU
	EndGlobalSection
	GlobalSection(SolutionProperties) = preSolution
		HideSolutionNode = FALSE
	EndGlobalSection
	GlobalSection(ExtensibilityGlobals) = postSolution
		SolutionGuid = {550DF942-19B3-488D-883B-FF6405A3BC41}
	EndGlobalSection
EndGlobal
